// !$*UTF8*$!
{
	archiveVersion = 1;
	classes = {
	};
	objectVersion = 56;
	objects = {

/* Begin PBXBuildFile section */
		7B4D82482C275B5F0095D414 /* timerApp.swift in Sources */ = {isa = PBXBuildFile; fileRef = 7B4D82472C275B5F0095D414 /* timerApp.swift */; };
		7B4D824A2C275B5F0095D414 /* ContentView.swift in Sources */ = {isa = PBXBuildFile; fileRef = 7B4D82492C275B5F0095D414 /* ContentView.swift */; };
		7B4D824C2C275B610095D414 /* Assets.xcassets in Resources */ = {isa = PBXBuildFile; fileRef = 7B4D824B2C275B610095D414 /* Assets.xcassets */; };
		7B4D824F2C275B610095D414 /* Preview Assets.xcassets in Resources */ = {isa = PBXBuildFile; fileRef = 7B4D824E2C275B610095D414 /* Preview Assets.xcassets */; };
		7B4D825A2C275B610095D414 /* timerTests.swift in Sources */ = {isa = PBXBuildFile; fileRef = 7B4D82592C275B610095D414 /* timerTests.swift */; };
		7B4D82642C275B610095D414 /* timerUITests.swift in Sources */ = {isa = PBXBuildFile; fileRef = 7B4D82632C275B610095D414 /* timerUITests.swift */; };
		7B4D82662C275B610095D414 /* timerUITestsLaunchTests.swift in Sources */ = {isa = PBXBuildFile; fileRef = 7B4D82652C275B610095D414 /* timerUITestsLaunchTests.swift */; };
		7B4D82732C2760850095D414 /* AppDelegate.swift in Sources */ = {isa = PBXBuildFile; fileRef = 7B4D82722C2760850095D414 /* AppDelegate.swift */; };
/* End PBXBuildFile section */

/* Begin PBXContainerItemProxy section */
		7B4D82562C275B610095D414 /* PBXContainerItemProxy */ = {
			isa = PBXContainerItemProxy;
			containerPortal = 7B4D823C2C275B5F0095D414 /* Project object */;
			proxyType = 1;
			remoteGlobalIDString = 7B4D82432C275B5F0095D414;
			remoteInfo = timer;
		};
		7B4D82602C275B610095D414 /* PBXContainerItemProxy */ = {
			isa = PBXContainerItemProxy;
			containerPortal = 7B4D823C2C275B5F0095D414 /* Project object */;
			proxyType = 1;
			remoteGlobalIDString = 7B4D82432C275B5F0095D414;
			remoteInfo = timer;
		};
/* End PBXContainerItemProxy section */

/* Begin PBXFileReference section */
		7B4D82442C275B5F0095D414 /* timer.app */ = {isa = PBXFileReference; explicitFileType = wrapper.application; includeInIndex = 0; path = timer.app; sourceTree = BUILT_PRODUCTS_DIR; };
		7B4D82472C275B5F0095D414 /* timerApp.swift */ = {isa = PBXFileReference; lastKnownFileType = sourcecode.swift; path = timerApp.swift; sourceTree = "<group>"; };
		7B4D82492C275B5F0095D414 /* ContentView.swift */ = {isa = PBXFileReference; lastKnownFileType = sourcecode.swift; path = ContentView.swift; sourceTree = "<group>"; };
		7B4D824B2C275B610095D414 /* Assets.xcassets */ = {isa = PBXFileReference; lastKnownFileType = folder.assetcatalog; path = Assets.xcassets; sourceTree = "<group>"; };
		7B4D824E2C275B610095D414 /* Preview Assets.xcassets */ = {isa = PBXFileReference; lastKnownFileType = folder.assetcatalog; path = "Preview Assets.xcassets"; sourceTree = "<group>"; };
		7B4D82502C275B610095D414 /* timer.entitlements */ = {isa = PBXFileReference; lastKnownFileType = text.plist.entitlements; path = timer.entitlements; sourceTree = "<group>"; };
		7B4D82552C275B610095D414 /* timerTests.xctest */ = {isa = PBXFileReference; explicitFileType = wrapper.cfbundle; includeInIndex = 0; path = timerTests.xctest; sourceTree = BUILT_PRODUCTS_DIR; };
		7B4D82592C275B610095D414 /* timerTests.swift */ = {isa = PBXFileReference; lastKnownFileType = sourcecode.swift; path = timerTests.swift; sourceTree = "<group>"; };
		7B4D825F2C275B610095D414 /* timerUITests.xctest */ = {isa = PBXFileReference; explicitFileType = wrapper.cfbundle; includeInIndex = 0; path = timerUITests.xctest; sourceTree = BUILT_PRODUCTS_DIR; };
		7B4D82632C275B610095D414 /* timerUITests.swift */ = {isa = PBXFileReference; lastKnownFileType = sourcecode.swift; path = timerUITests.swift; sourceTree = "<group>"; };
		7B4D82652C275B610095D414 /* timerUITestsLaunchTests.swift */ = {isa = PBXFileReference; lastKnownFileType = sourcecode.swift; path = timerUITestsLaunchTests.swift; sourceTree = "<group>"; };
		7B4D82722C2760850095D414 /* AppDelegate.swift */ = {isa = PBXFileReference; lastKnownFileType = sourcecode.swift; path = AppDelegate.swift; sourceTree = "<group>"; };
/* End PBXFileReference section */

/* Begin PBXFrameworksBuildPhase section */
		7B4D82412C275B5F0095D414 /* Frameworks */ = {
			isa = PBXFrameworksBuildPhase;
			buildActionMask = 2147483647;
			files = (
			);
			runOnlyForDeploymentPostprocessing = 0;
		};
		7B4D82522C275B610095D414 /* Frameworks */ = {
			isa = PBXFrameworksBuildPhase;
			buildActionMask = 2147483647;
			files = (
			);
			runOnlyForDeploymentPostprocessing = 0;
		};
		7B4D825C2C275B610095D414 /* Frameworks */ = {
			isa = PBXFrameworksBuildPhase;
			buildActionMask = 2147483647;
			files = (
			);
			runOnlyForDeploymentPostprocessing = 0;
		};
/* End PBXFrameworksBuildPhase section */

/* Begin PBXGroup section */
		7B4D823B2C275B5F0095D414 = {
			isa = PBXGroup;
			children = (
				7B4D82462C275B5F0095D414 /* timer */,
				7B4D82582C275B610095D414 /* timerTests */,
				7B4D82622C275B610095D414 /* timerUITests */,
				7B4D82452C275B5F0095D414 /* Products */,
			);
			sourceTree = "<group>";
		};
		7B4D82452C275B5F0095D414 /* Products */ = {
			isa = PBXGroup;
			children = (
				7B4D82442C275B5F0095D414 /* timer.app */,
				7B4D82552C275B610095D414 /* timerTests.xctest */,
				7B4D825F2C275B610095D414 /* timerUITests.xctest */,
			);
			name = Products;
			sourceTree = "<group>";
		};
		7B4D82462C275B5F0095D414 /* timer */ = {
			isa = PBXGroup;
			children = (
				7B4D82472C275B5F0095D414 /* timerApp.swift */,
				7B4D82492C275B5F0095D414 /* ContentView.swift */,
				7B4D824B2C275B610095D414 /* Assets.xcassets */,
				7B4D82502C275B610095D414 /* timer.entitlements */,
				7B4D824D2C275B610095D414 /* Preview Content */,
				7B4D82722C2760850095D414 /* AppDelegate.swift */,
			);
			path = timer;
			sourceTree = "<group>";
		};
		7B4D824D2C275B610095D414 /* Preview Content */ = {
			isa = PBXGroup;
			children = (
				7B4D824E2C275B610095D414 /* Preview Assets.xcassets */,
			);
			path = "Preview Content";
			sourceTree = "<group>";
		};
		7B4D82582C275B610095D414 /* timerTests */ = {
			isa = PBXGroup;
			children = (
				7B4D82592C275B610095D414 /* timerTests.swift */,
			);
			path = timerTests;
			sourceTree = "<group>";
		};
		7B4D82622C275B610095D414 /* timerUITests */ = {
			isa = PBXGroup;
			children = (
				7B4D82632C275B610095D414 /* timerUITests.swift */,
				7B4D82652C275B610095D414 /* timerUITestsLaunchTests.swift */,
			);
			path = timerUITests;
			sourceTree = "<group>";
		};
/* End PBXGroup section */

/* Begin PBXNativeTarget section */
		7B4D82432C275B5F0095D414 /* timer */ = {
			isa = PBXNativeTarget;
			buildConfigurationList = 7B4D82692C275B610095D414 /* Build configuration list for PBXNativeTarget "timer" */;
			buildPhases = (
				7B4D82402C275B5F0095D414 /* Sources */,
				7B4D82412C275B5F0095D414 /* Frameworks */,
				7B4D82422C275B5F0095D414 /* Resources */,
			);
			buildRules = (
			);
			dependencies = (
			);
			name = timer;
			productName = timer;
			productReference = 7B4D82442C275B5F0095D414 /* timer.app */;
			productType = "com.apple.product-type.application";
		};
		7B4D82542C275B610095D414 /* timerTests */ = {
			isa = PBXNativeTarget;
			buildConfigurationList = 7B4D826C2C275B610095D414 /* Build configuration list for PBXNativeTarget "timerTests" */;
			buildPhases = (
				7B4D82512C275B610095D414 /* Sources */,
				7B4D82522C275B610095D414 /* Frameworks */,
				7B4D82532C275B610095D414 /* Resources */,
			);
			buildRules = (
			);
			dependencies = (
				7B4D82572C275B610095D414 /* PBXTargetDependency */,
			);
			name = timerTests;
			productName = timerTests;
			productReference = 7B4D82552C275B610095D414 /* timerTests.xctest */;
			productType = "com.apple.product-type.bundle.unit-test";
		};
		7B4D825E2C275B610095D414 /* timerUITests */ = {
			isa = PBXNativeTarget;
			buildConfigurationList = 7B4D826F2C275B610095D414 /* Build configuration list for PBXNativeTarget "timerUITests" */;
			buildPhases = (
				7B4D825B2C275B610095D414 /* Sources */,
				7B4D825C2C275B610095D414 /* Frameworks */,
				7B4D825D2C275B610095D414 /* Resources */,
			);
			buildRules = (
			);
			dependencies = (
				7B4D82612C275B610095D414 /* PBXTargetDependency */,
			);
			name = timerUITests;
			productName = timerUITests;
			productReference = 7B4D825F2C275B610095D414 /* timerUITests.xctest */;
			productType = "com.apple.product-type.bundle.ui-testing";
		};
/* End PBXNativeTarget section */

/* Begin PBXProject section */
		7B4D823C2C275B5F0095D414 /* Project object */ = {
			isa = PBXProject;
			attributes = {
				BuildIndependentTargetsInParallel = 1;
				LastSwiftUpdateCheck = 1540;
				LastUpgradeCheck = 1540;
				TargetAttributes = {
					7B4D82432C275B5F0095D414 = {
						CreatedOnToolsVersion = 15.4;
					};
					7B4D82542C275B610095D414 = {
						CreatedOnToolsVersion = 15.4;
						TestTargetID = 7B4D82432C275B5F0095D414;
					};
					7B4D825E2C275B610095D414 = {
						CreatedOnToolsVersion = 15.4;
						TestTargetID = 7B4D82432C275B5F0095D414;
					};
				};
			};
			buildConfigurationList = 7B4D823F2C275B5F0095D414 /* Build configuration list for PBXProject "timer" */;
			compatibilityVersion = "Xcode 14.0";
			developmentRegion = en;
			hasScannedForEncodings = 0;
			knownRegions = (
				en,
				Base,
			);
			mainGroup = 7B4D823B2C275B5F0095D414;
			productRefGroup = 7B4D82452C275B5F0095D414 /* Products */;
			projectDirPath = "";
			projectRoot = "";
			targets = (
				7B4D82432C275B5F0095D414 /* timer */,
				7B4D82542C275B610095D414 /* timerTests */,
				7B4D825E2C275B610095D414 /* timerUITests */,
			);
		};
/* End PBXProject section */

/* Begin PBXResourcesBuildPhase section */
		7B4D82422C275B5F0095D414 /* Resources */ = {
			isa = PBXResourcesBuildPhase;
			buildActionMask = 2147483647;
			files = (
				7B4D824F2C275B610095D414 /* Preview Assets.xcassets in Resources */,
				7B4D824C2C275B610095D414 /* Assets.xcassets in Resources */,
			);
			runOnlyForDeploymentPostprocessing = 0;
		};
		7B4D82532C275B610095D414 /* Resources */ = {
			isa = PBXResourcesBuildPhase;
			buildActionMask = 2147483647;
			files = (
			);
			runOnlyForDeploymentPostprocessing = 0;
		};
		7B4D825D2C275B610095D414 /* Resources */ = {
			isa = PBXResourcesBuildPhase;
			buildActionMask = 2147483647;
			files = (
			);
			runOnlyForDeploymentPostprocessing = 0;
		};
/* End PBXResourcesBuildPhase section */

/* Begin PBXSourcesBuildPhase section */
		7B4D82402C275B5F0095D414 /* Sources */ = {
			isa = PBXSourcesBuildPhase;
			buildActionMask = 2147483647;
			files = (
				7B4D82732C2760850095D414 /* AppDelegate.swift in Sources */,
				7B4D824A2C275B5F0095D414 /* ContentView.swift in Sources */,
				7B4D82482C275B5F0095D414 /* timerApp.swift in Sources */,
			);
			runOnlyForDeploymentPostprocessing = 0;
		};
		7B4D82512C275B610095D414 /* Sources */ = {
			isa = PBXSourcesBuildPhase;
			buildActionMask = 2147483647;
			files = (
				7B4D825A2C275B610095D414 /* timerTests.swift in Sources */,
			);
			runOnlyForDeploymentPostprocessing = 0;
		};
		7B4D825B2C275B610095D414 /* Sources */ = {
			isa = PBXSourcesBuildPhase;
			buildActionMask = 2147483647;
			files = (
				7B4D82662C275B610095D414 /* timerUITestsLaunchTests.swift in Sources */,
				7B4D82642C275B610095D414 /* timerUITests.swift in Sources */,
			);
			runOnlyForDeploymentPostprocessing = 0;
		};
/* End PBXSourcesBuildPhase section */

/* Begin PBXTargetDependency section */
		7B4D82572C275B610095D414 /* PBXTargetDependency */ = {
			isa = PBXTargetDependency;
			target = 7B4D82432C275B5F0095D414 /* timer */;
			targetProxy = 7B4D82562C275B610095D414 /* PBXContainerItemProxy */;
		};
		7B4D82612C275B610095D414 /* PBXTargetDependency */ = {
			isa = PBXTargetDependency;
			target = 7B4D82432C275B5F0095D414 /* timer */;
			targetProxy = 7B4D82602C275B610095D414 /* PBXContainerItemProxy */;
		};
/* End PBXTargetDependency section */

/* Begin XCBuildConfiguration section */
		7B4D82672C275B610095D414 /* Debug */ = {
			isa = XCBuildConfiguration;
			buildSettings = {
				ALWAYS_SEARCH_USER_PATHS = NO;
				ASSETCATALOG_COMPILER_GENERATE_SWIFT_ASSET_SYMBOL_EXTENSIONS = YES;
				CLANG_ANALYZER_NONNULL = YES;
				CLANG_ANALYZER_NUMBER_OBJECT_CONVERSION = YES_AGGRESSIVE;
				CLANG_CXX_LANGUAGE_STANDARD = "gnu++20";
				CLANG_ENABLE_MODULES = YES;
				CLANG_ENABLE_OBJC_ARC = YES;
				CLANG_ENABLE_OBJC_WEAK = YES;
				CLANG_WARN_BLOCK_CAPTURE_AUTORELEASING = YES;
				CLANG_WARN_BOOL_CONVERSION = YES;
				CLANG_WARN_COMMA = YES;
				CLANG_WARN_CONSTANT_CONVERSION = YES;
				CLANG_WARN_DEPRECATED_OBJC_IMPLEMENTATIONS = YES;
				CLANG_WARN_DIRECT_OBJC_ISA_USAGE = YES_ERROR;
				CLANG_WARN_DOCUMENTATION_COMMENTS = YES;
				CLANG_WARN_EMPTY_BODY = YES;
				CLANG_WARN_ENUM_CONVERSION = YES;
				CLANG_WARN_INFINITE_RECURSION = YES;
				CLANG_WARN_INT_CONVERSION = YES;
				CLANG_WARN_NON_LITERAL_NULL_CONVERSION = YES;
				CLANG_WARN_OBJC_IMPLICIT_RETAIN_SELF = YES;
				CLANG_WARN_OBJC_LITERAL_CONVERSION = YES;
				CLANG_WARN_OBJC_ROOT_CLASS = YES_ERROR;
				CLANG_WARN_QUOTED_INCLUDE_IN_FRAMEWORK_HEADER = YES;
				CLANG_WARN_RANGE_LOOP_ANALYSIS = YES;
				CLANG_WARN_STRICT_PROTOTYPES = YES;
				CLANG_WARN_SUSPICIOUS_MOVE = YES;
				CLANG_WARN_UNGUARDED_AVAILABILITY = YES_AGGRESSIVE;
				CLANG_WARN_UNREACHABLE_CODE = YES;
				CLANG_WARN__DUPLICATE_METHOD_MATCH = YES;
				COPY_PHASE_STRIP = NO;
				DEBUG_INFORMATION_FORMAT = dwarf;
				ENABLE_STRICT_OBJC_MSGSEND = YES;
				ENABLE_TESTABILITY = YES;
				ENABLE_USER_SCRIPT_SANDBOXING = YES;
				GCC_C_LANGUAGE_STANDARD = gnu17;
				GCC_DYNAMIC_NO_PIC = NO;
				GCC_NO_COMMON_BLOCKS = YES;
				GCC_OPTIMIZATION_LEVEL = 0;
				GCC_PREPROCESSOR_DEFINITIONS = (
					"DEBUG=1",
					"$(inherited)",
				);
				GCC_WARN_64_TO_32_BIT_CONVERSION = YES;
				GCC_WARN_ABOUT_RETURN_TYPE = YES_ERROR;
				GCC_WARN_UNDECLARED_SELECTOR = YES;
				GCC_WARN_UNINITIALIZED_AUTOS = YES_AGGRESSIVE;
				GCC_WARN_UNUSED_FUNCTION = YES;
				GCC_WARN_UNUSED_VARIABLE = YES;
				LOCALIZATION_PREFERS_STRING_CATALOGS = YES;
				MACOSX_DEPLOYMENT_TARGET = 14.5;
				MTL_ENABLE_DEBUG_INFO = INCLUDE_SOURCE;
				MTL_FAST_MATH = YES;
				ONLY_ACTIVE_ARCH = YES;
				SDKROOT = macosx;
				SWIFT_ACTIVE_COMPILATION_CONDITIONS = "DEBUG $(inherited)";
				SWIFT_OPTIMIZATION_LEVEL = "-Onone";
			};
			name = Debug;
		};
		7B4D82682C275B610095D414 /* Release */ = {
			isa = XCBuildConfiguration;
			buildSettings = {
				ALWAYS_SEARCH_USER_PATHS = NO;
				ASSETCATALOG_COMPILER_GENERATE_SWIFT_ASSET_SYMBOL_EXTENSIONS = YES;
				CLANG_ANALYZER_NONNULL = YES;
				CLANG_ANALYZER_NUMBER_OBJECT_CONVERSION = YES_AGGRESSIVE;
				CLANG_CXX_LANGUAGE_STANDARD = "gnu++20";
				CLANG_ENABLE_MODULES = YES;
				CLANG_ENABLE_OBJC_ARC = YES;
				CLANG_ENABLE_OBJC_WEAK = YES;
				CLANG_WARN_BLOCK_CAPTURE_AUTORELEASING = YES;
				CLANG_WARN_BOOL_CONVERSION = YES;
				CLANG_WARN_COMMA = YES;
				CLANG_WARN_CONSTANT_CONVERSION = YES;
				CLANG_WARN_DEPRECATED_OBJC_IMPLEMENTATIONS = YES;
				CLANG_WARN_DIRECT_OBJC_ISA_USAGE = YES_ERROR;
				CLANG_WARN_DOCUMENTATION_COMMENTS = YES;
				CLANG_WARN_EMPTY_BODY = YES;
				CLANG_WARN_ENUM_CONVERSION = YES;
				CLANG_WARN_INFINITE_RECURSION = YES;
				CLANG_WARN_INT_CONVERSION = YES;
				CLANG_WARN_NON_LITERAL_NULL_CONVERSION = YES;
				CLANG_WARN_OBJC_IMPLICIT_RETAIN_SELF = YES;
				CLANG_WARN_OBJC_LITERAL_CONVERSION = YES;
				CLANG_WARN_OBJC_ROOT_CLASS = YES_ERROR;
				CLANG_WARN_QUOTED_INCLUDE_IN_FRAMEWORK_HEADER = YES;
				CLANG_WARN_RANGE_LOOP_ANALYSIS = YES;
				CLANG_WARN_STRICT_PROTOTYPES = YES;
				CLANG_WARN_SUSPICIOUS_MOVE = YES;
				CLANG_WARN_UNGUARDED_AVAILABILITY = YES_AGGRESSIVE;
				CLANG_WARN_UNREACHABLE_CODE = YES;
				CLANG_WARN__DUPLICATE_METHOD_MATCH = YES;
				COPY_PHASE_STRIP = NO;
				DEBUG_INFORMATION_FORMAT = "dwarf-with-dsym";
				ENABLE_NS_ASSERTIONS = NO;
				ENABLE_STRICT_OBJC_MSGSEND = YES;
				ENABLE_USER_SCRIPT_SANDBOXING = YES;
				GCC_C_LANGUAGE_STANDARD = gnu17;
				GCC_NO_COMMON_BLOCKS = YES;
				GCC_WARN_64_TO_32_BIT_CONVERSION = YES;
				GCC_WARN_ABOUT_RETURN_TYPE = YES_ERROR;
				GCC_WARN_UNDECLARED_SELECTOR = YES;
				GCC_WARN_UNINITIALIZED_AUTOS = YES_AGGRESSIVE;
				GCC_WARN_UNUSED_FUNCTION = YES;
				GCC_WARN_UNUSED_VARIABLE = YES;
				LOCALIZATION_PREFERS_STRING_CATALOGS = YES;
				MACOSX_DEPLOYMENT_TARGET = 14.5;
				MTL_ENABLE_DEBUG_INFO = NO;
				MTL_FAST_MATH = YES;
				SDKROOT = macosx;
				SWIFT_COMPILATION_MODE = wholemodule;
			};
			name = Release;
		};
		7B4D826A2C275B610095D414 /* Debug */ = {
			isa = XCBuildConfiguration;
			buildSettings = {
				ASSETCATALOG_COMPILER_APPICON_NAME = AppIcon;
				ASSETCATALOG_COMPILER_GLOBAL_ACCENT_COLOR_NAME = AccentColor;
				CODE_SIGN_ENTITLEMENTS = timer/timer.entitlements;
				CODE_SIGN_STYLE = Automatic;
				COMBINE_HIDPI_IMAGES = YES;
				CURRENT_PROJECT_VERSION = 1;
				DEVELOPMENT_ASSET_PATHS = "\"timer/Preview Content\"";
				DEVELOPMENT_TEAM = 57PCP37963;
				ENABLE_HARDENED_RUNTIME = YES;
				ENABLE_PREVIEWS = YES;
				GENERATE_INFOPLIST_FILE = YES;
				INFOPLIST_KEY_NSHumanReadableCopyright = "";
				LD_RUNPATH_SEARCH_PATHS = (
					"$(inherited)",
					"@executable_path/../Frameworks",
				);
				MARKETING_VERSION = 1.0;
				PRODUCT_BUNDLE_IDENTIFIER = kehinde.timer;
				PRODUCT_NAME = "$(TARGET_NAME)";
				SWIFT_EMIT_LOC_STRINGS = YES;
				SWIFT_VERSION = 5.0;
			};
			name = Debug;
		};
		7B4D826B2C275B610095D414 /* Release */ = {
			isa = XCBuildConfiguration;
			buildSettings = {
				ASSETCATALOG_COMPILER_APPICON_NAME = AppIcon;
				ASSETCATALOG_COMPILER_GLOBAL_ACCENT_COLOR_NAME = AccentColor;
				CODE_SIGN_ENTITLEMENTS = timer/timer.entitlements;
				CODE_SIGN_STYLE = Automatic;
				COMBINE_HIDPI_IMAGES = YES;
				CURRENT_PROJECT_VERSION = 1;
				DEVELOPMENT_ASSET_PATHS = "\"timer/Preview Content\"";
				DEVELOPMENT_TEAM = 57PCP37963;
				ENABLE_HARDENED_RUNTIME = YES;
				ENABLE_PREVIEWS = YES;
				GENERATE_INFOPLIST_FILE = YES;
				INFOPLIST_KEY_NSHumanReadableCopyright = "";
				LD_RUNPATH_SEARCH_PATHS = (
					"$(inherited)",
					"@executable_path/../Frameworks",
				);
				MARKETING_VERSION = 1.0;
				PRODUCT_BUNDLE_IDENTIFIER = kehinde.timer;
				PRODUCT_NAME = "$(TARGET_NAME)";
				SWIFT_EMIT_LOC_STRINGS = YES;
				SWIFT_VERSION = 5.0;
			};
			name = Release;
		};
		7B4D826D2C275B610095D414 /* Debug */ = {
			isa = XCBuildConfiguration;
			buildSettings = {
				ALWAYS_EMBED_SWIFT_STANDARD_LIBRARIES = YES;
				BUNDLE_LOADER = "$(TEST_HOST)";
				CODE_SIGN_STYLE = Automatic;
				CURRENT_PROJECT_VERSION = 1;
				DEVELOPMENT_TEAM = 57PCP37963;
				GENERATE_INFOPLIST_FILE = YES;
				MACOSX_DEPLOYMENT_TARGET = 14.5;
				MARKETING_VERSION = 1.0;
				PRODUCT_BUNDLE_IDENTIFIER = kehinde.timerTests;
				PRODUCT_NAME = "$(TARGET_NAME)";
				SWIFT_EMIT_LOC_STRINGS = NO;
				SWIFT_VERSION = 5.0;
				TEST_HOST = "$(BUILT_PRODUCTS_DIR)/timer.app/$(BUNDLE_EXECUTABLE_FOLDER_PATH)/timer";
			};
			name = Debug;
		};
		7B4D826E2C275B610095D414 /* Release */ = {
			isa = XCBuildConfiguration;
			buildSettings = {
				ALWAYS_EMBED_SWIFT_STANDARD_LIBRARIES = YES;
				BUNDLE_LOADER = "$(TEST_HOST)";
				CODE_SIGN_STYLE = Automatic;
				CURRENT_PROJECT_VERSION = 1;
				DEVELOPMENT_TEAM = 57PCP37963;
				GENERATE_INFOPLIST_FILE = YES;
				MACOSX_DEPLOYMENT_TARGET = 14.5;
				MARKETING_VERSION = 1.0;
				PRODUCT_BUNDLE_IDENTIFIER = kehinde.timerTests;
				PRODUCT_NAME = "$(TARGET_NAME)";
				SWIFT_EMIT_LOC_STRINGS = NO;
				SWIFT_VERSION = 5.0;
				TEST_HOST = "$(BUILT_PRODUCTS_DIR)/timer.app/$(BUNDLE_EXECUTABLE_FOLDER_PATH)/timer";
			};
			name = Release;
		};
		7B4D82702C275B610095D414 /* Debug */ = {
			isa = XCBuildConfiguration;
			buildSettings = {
				ALWAYS_EMBED_SWIFT_STANDARD_LIBRARIES = YES;
				CODE_SIGN_STYLE = Automatic;
				CURRENT_PROJECT_VERSION = 1;
				DEVELOPMENT_TEAM = 57PCP37963;
				GENERATE_INFOPLIST_FILE = YES;
				MARKETING_VERSION = 1.0;
				PRODUCT_BUNDLE_IDENTIFIER = kehinde.timerUITests;
				PRODUCT_NAME = "$(TARGET_NAME)";
				SWIFT_EMIT_LOC_STRINGS = NO;
				SWIFT_VERSION = 5.0;
				TEST_TARGET_NAME = timer;
			};
			name = Debug;
		};
		7B4D82712C275B610095D414 /* Release */ = {
			isa = XCBuildConfiguration;
			buildSettings = {
				ALWAYS_EMBED_SWIFT_STANDARD_LIBRARIES = YES;
				CODE_SIGN_STYLE = Automatic;
				CURRENT_PROJECT_VERSION = 1;
				DEVELOPMENT_TEAM = 57PCP37963;
				GENERATE_INFOPLIST_FILE = YES;
				MARKETING_VERSION = 1.0;
				PRODUCT_BUNDLE_IDENTIFIER = kehinde.timerUITests;
				PRODUCT_NAME = "$(TARGET_NAME)";
				SWIFT_EMIT_LOC_STRINGS = NO;
				SWIFT_VERSION = 5.0;
				TEST_TARGET_NAME = timer;
			};
			name = Release;
		};
/* End XCBuildConfiguration section */

/* Begin XCConfigurationList section */
		7B4D823F2C275B5F0095D414 /* Build configuration list for PBXProject "timer" */ = {
			isa = XCConfigurationList;
			buildConfigurations = (
				7B4D82672C275B610095D414 /* Debug */,
				7B4D82682C275B610095D414 /* Release */,
			);
			defaultConfigurationIsVisible = 0;
			defaultConfigurationName = Release;
		};
		7B4D82692C275B610095D414 /* Build configuration list for PBXNativeTarget "timer" */ = {
			isa = XCConfigurationList;
			buildConfigurations = (
				7B4D826A2C275B610095D414 /* Debug */,
				7B4D826B2C275B610095D414 /* Release */,
			);
			defaultConfigurationIsVisible = 0;
			defaultConfigurationName = Release;
		};
		7B4D826C2C275B610095D414 /* Build configuration list for PBXNativeTarget "timerTests" */ = {
			isa = XCConfigurationList;
			buildConfigurations = (
				7B4D826D2C275B610095D414 /* Debug */,
				7B4D826E2C275B610095D414 /* Release */,
			);
			defaultConfigurationIsVisible = 0;
			defaultConfigurationName = Release;
		};
		7B4D826F2C275B610095D414 /* Build configuration list for PBXNativeTarget "timerUITests" */ = {
			isa = XCConfigurationList;
			buildConfigurations = (
				7B4D82702C275B610095D414 /* Debug */,
				7B4D82712C275B610095D414 /* Release */,
			);
			defaultConfigurationIsVisible = 0;
			defaultConfigurationName = Release;
		};
/* End XCConfigurationList section */
	};
	rootObject = 7B4D823C2C275B5F0095D414 /* Project object */;
}
